
Microsoft Visual Studio Solution File, Format Version 12.00
# Visual Studio Version 16
VisualStudioVersion = 16.0.30907.101
MinimumVisualStudioVersion = 10.0.40219.1
Project("{FAE04EC0-301F-11D3-BF4B-00C04F79EFBC}") = "Datasets_builder", "Datasets_builder.csproj", "{92C3EAFF-494B-4627-AC28-664F1AB9D19F}"
EndProject
Global
	GlobalSection(SolutionConfigurationPlatforms) = preSolution
		Debug|Any CPU = Debug|Any CPU
		Release|Any CPU = Release|Any CPU
	EndGlobalSection
	GlobalSection(ProjectConfigurationPlatforms) = postSolution
		{92C3EAFF-494B-4627-AC28-664F1AB9D19F}.Debug|Any CPU.ActiveCfg = Debug|Any CPU
		{92C3EAFF-494B-4627-AC28-664F1AB9D19F}.Debug|Any CPU.Build.0 = Debug|Any CPU
		{92C3EAFF-494B-4627-AC28-664F1AB9D19F}.Release|Any CPU.ActiveCfg = Release|Any CPU
		{92C3EAFF-494B-4627-AC28-664F1AB9D19F}.Release|Any CPU.Build.0 = Release|Any CPU
	EndGlobalSection
	GlobalSection(SolutionProperties) = preSolution
		HideSolutionNode = FALSE
	EndGlobalSection
	GlobalSection(ExtensibilityGlobals) = postSolution
		SolutionGuid = {3FD5EE96-59FE-46A1-9BF7-4D63EC8E3F4F}
	EndGlobalSection
EndGlobal
